// !$*UTF8*$!
{
	archiveVersion = 1;
	classes = {
	};
	objectVersion = 48;
	objects = {

/* Begin PBXBuildFile section */
		DB07E57A1F9454F90091E07D /* DismissAnimator.swift in Sources */ = {isa = PBXBuildFile; fileRef = DB07E5791F9454F90091E07D /* DismissAnimator.swift */; };
		DB0E5B5E1F90C28A004F282E /* AppDelegate.swift in Sources */ = {isa = PBXBuildFile; fileRef = DB0E5B5D1F90C28A004F282E /* AppDelegate.swift */; };
		DB0E5B651F90C28A004F282E /* Assets.xcassets in Resources */ = {isa = PBXBuildFile; fileRef = DB0E5B641F90C28A004F282E /* Assets.xcassets */; };
		DB0E5B681F90C28A004F282E /* LaunchScreen.storyboard in Resources */ = {isa = PBXBuildFile; fileRef = DB0E5B661F90C28A004F282E /* LaunchScreen.storyboard */; };
		DB0E5B731F90C82F004F282E /* MainViewController.swift in Sources */ = {isa = PBXBuildFile; fileRef = DB0E5B711F90C82F004F282E /* MainViewController.swift */; };
		DB0E5B741F90C82F004F282E /* MainViewController.xib in Resources */ = {isa = PBXBuildFile; fileRef = DB0E5B721F90C82F004F282E /* MainViewController.xib */; };
		DB0E5B771F90C9CC004F282E /* ModelViewController.swift in Sources */ = {isa = PBXBuildFile; fileRef = DB0E5B751F90C9CC004F282E /* ModelViewController.swift */; };
		DB0E5B781F90C9CC004F282E /* ModelViewController.xib in Resources */ = {isa = PBXBuildFile; fileRef = DB0E5B761F90C9CC004F282E /* ModelViewController.xib */; };
		DB4E03511F94828F00D894F9 /* Interactor.swift in Sources */ = {isa = PBXBuildFile; fileRef = DB4E03501F94828F00D894F9 /* Interactor.swift */; };
/* End PBXBuildFile section */

/* Begin PBXFileReference section */
		DB07E5791F9454F90091E07D /* DismissAnimator.swift */ = {isa = PBXFileReference; lastKnownFileType = sourcecode.swift; path = DismissAnimator.swift; sourceTree = "<group>"; };
		DB0E5B5A1F90C28A004F282E /* DragDownToCloseModelVC.app */ = {isa = PBXFileReference; explicitFileType = wrapper.application; includeInIndex = 0; path = DragDownToCloseModelVC.app; sourceTree = BUILT_PRODUCTS_DIR; };
		DB0E5B5D1F90C28A004F282E /* AppDelegate.swift */ = {isa = PBXFileReference; lastKnownFileType = sourcecode.swift; path = AppDelegate.swift; sourceTree = "<group>"; };
		DB0E5B641F90C28A004F282E /* Assets.xcassets */ = {isa = PBXFileReference; lastKnownFileType = folder.assetcatalog; path = Assets.xcassets; sourceTree = "<group>"; };
		DB0E5B671F90C28A004F282E /* Base */ = {isa = PBXFileReference; lastKnownFileType = file.storyboard; name = Base; path = Base.lproj/LaunchScreen.storyboard; sourceTree = "<group>"; };
		DB0E5B691F90C28A004F282E /* Info.plist */ = {isa = PBXFileReference; lastKnownFileType = text.plist.xml; path = Info.plist; sourceTree = "<group>"; };
		DB0E5B711F90C82F004F282E /* MainViewController.swift */ = {isa = PBXFileReference; lastKnownFileType = sourcecode.swift; path = MainViewController.swift; sourceTree = "<group>"; };
		DB0E5B721F90C82F004F282E /* MainViewController.xib */ = {isa = PBXFileReference; lastKnownFileType = file.xib; path = MainViewController.xib; sourceTree = "<group>"; };
		DB0E5B751F90C9CC004F282E /* ModelViewController.swift */ = {isa = PBXFileReference; lastKnownFileType = sourcecode.swift; path = ModelViewController.swift; sourceTree = "<group>"; };
		DB0E5B761F90C9CC004F282E /* ModelViewController.xib */ = {isa = PBXFileReference; lastKnownFileType = file.xib; path = ModelViewController.xib; sourceTree = "<group>"; };
		DB4E03501F94828F00D894F9 /* Interactor.swift */ = {isa = PBXFileReference; lastKnownFileType = sourcecode.swift; path = Interactor.swift; sourceTree = "<group>"; };
/* End PBXFileReference section */

/* Begin PBXFrameworksBuildPhase section */
		DB0E5B571F90C28A004F282E /* Frameworks */ = {
			isa = PBXFrameworksBuildPhase;
			buildActionMask = 2147483647;
			files = (
			);
			runOnlyForDeploymentPostprocessing = 0;
		};
/* End PBXFrameworksBuildPhase section */

/* Begin PBXGroup section */
		DB07E5781F9453E00091E07D /* Ohters */ = {
			isa = PBXGroup;
			children = (
				DB0E5B641F90C28A004F282E /* Assets.xcassets */,
				DB0E5B661F90C28A004F282E /* LaunchScreen.storyboard */,
			);
			path = Ohters;
			sourceTree = "<group>";
		};
		DB0E5B511F90C28A004F282E = {
			isa = PBXGroup;
			children = (
				DB0E5B5C1F90C28A004F282E /* DragDownToCloseModelVC */,
				DB0E5B5B1F90C28A004F282E /* Products */,
			);
			sourceTree = "<group>";
		};
		DB0E5B5B1F90C28A004F282E /* Products */ = {
			isa = PBXGroup;
			children = (
				DB0E5B5A1F90C28A004F282E /* DragDownToCloseModelVC.app */,
			);
			name = Products;
			sourceTree = "<group>";
		};
		DB0E5B5C1F90C28A004F282E /* DragDownToCloseModelVC */ = {
			isa = PBXGroup;
			children = (
				DB07E5781F9453E00091E07D /* Ohters */,
				DB0E5B5D1F90C28A004F282E /* AppDelegate.swift */,
				DB0E5B711F90C82F004F282E /* MainViewController.swift */,
				DB0E5B721F90C82F004F282E /* MainViewController.xib */,
				DB0E5B751F90C9CC004F282E /* ModelViewController.swift */,
				DB0E5B761F90C9CC004F282E /* ModelViewController.xib */,
				DB07E5791F9454F90091E07D /* DismissAnimator.swift */,
				DB4E03501F94828F00D894F9 /* Interactor.swift */,
				DB0E5B691F90C28A004F282E /* Info.plist */,
			);
			path = DragDownToCloseModelVC;
			sourceTree = "<group>";
		};
/* End PBXGroup section */

/* Begin PBXNativeTarget section */
		DB0E5B591F90C28A004F282E /* DragDownToCloseModelVC */ = {
			isa = PBXNativeTarget;
			buildConfigurationList = DB0E5B6C1F90C28A004F282E /* Build configuration list for PBXNativeTarget "DragDownToCloseModelVC" */;
			buildPhases = (
				DB0E5B561F90C28A004F282E /* Sources */,
				DB0E5B571F90C28A004F282E /* Frameworks */,
				DB0E5B581F90C28A004F282E /* Resources */,
			);
			buildRules = (
			);
			dependencies = (
			);
			name = DragDownToCloseModelVC;
			productName = DragDownToCloseModelVC;
			productReference = DB0E5B5A1F90C28A004F282E /* DragDownToCloseModelVC.app */;
			productType = "com.apple.product-type.application";
		};
/* End PBXNativeTarget section */

/* Begin PBXProject section */
		DB0E5B521F90C28A004F282E /* Project object */ = {
			isa = PBXProject;
			attributes = {
				LastSwiftUpdateCheck = 0900;
				LastUpgradeCheck = 0900;
				ORGANIZATIONNAME = roger;
				TargetAttributes = {
					DB0E5B591F90C28A004F282E = {
						CreatedOnToolsVersion = 9.0;
						ProvisioningStyle = Automatic;
					};
				};
			};
			buildConfigurationList = DB0E5B551F90C28A004F282E /* Build configuration list for PBXProject "DragDownToCloseModelVC" */;
			compatibilityVersion = "Xcode 8.0";
			developmentRegion = en;
			hasScannedForEncodings = 0;
			knownRegions = (
				en,
				Base,
			);
			mainGroup = DB0E5B511F90C28A004F282E;
			productRefGroup = DB0E5B5B1F90C28A004F282E /* Products */;
			projectDirPath = "";
			projectRoot = "";
			targets = (
				DB0E5B591F90C28A004F282E /* DragDownToCloseModelVC */,
			);
		};
/* End PBXProject section */

/* Begin PBXResourcesBuildPhase section */
		DB0E5B581F90C28A004F282E /* Resources */ = {
			isa = PBXResourcesBuildPhase;
			buildActionMask = 2147483647;
			files = (
				DB0E5B781F90C9CC004F282E /* ModelViewController.xib in Resources */,
				DB0E5B681F90C28A004F282E /* LaunchScreen.storyboard in Resources */,
				DB0E5B741F90C82F004F282E /* MainViewController.xib in Resources */,
				DB0E5B651F90C28A004F282E /* Assets.xcassets in Resources */,
			);
			runOnlyForDeploymentPostprocessing = 0;
		};
/* End PBXResourcesBuildPhase section */

/* Begin PBXSourcesBuildPhase section */
		DB0E5B561F90C28A004F282E /* Sources */ = {
			isa = PBXSourcesBuildPhase;
			buildActionMask = 2147483647;
			files = (
				DB0E5B5E1F90C28A004F282E /* AppDelegate.swift in Sources */,
				DB0E5B731F90C82F004F282E /* MainViewController.swift in Sources */,
				DB4E03511F94828F00D894F9 /* Interactor.swift in Sources */,
				DB0E5B771F90C9CC004F282E /* ModelViewController.swift in Sources */,
				DB07E57A1F9454F90091E07D /* DismissAnimator.swift in Sources */,
			);
			runOnlyForDeploymentPostprocessing = 0;
		};
/* End PBXSourcesBuildPhase section */

/* Begin PBXVariantGroup section */
		DB0E5B661F90C28A004F282E /* LaunchScreen.storyboard */ = {
			isa = PBXVariantGroup;
			children = (
				DB0E5B671F90C28A004F282E /* Base */,
			);
			name = LaunchScreen.storyboard;
			sourceTree = "<group>";
		};
/* End PBXVariantGroup section */

/* Begin XCBuildConfiguration section */
		DB0E5B6A1F90C28A004F282E /* Debug */ = {
			isa = XCBuildConfiguration;
			buildSettings = {
				ALWAYS_SEARCH_USER_PATHS = NO;
				CLANG_ANALYZER_NONNULL = YES;
				CLANG_ANALYZER_NUMBER_OBJECT_CONVERSION = YES_AGGRESSIVE;
				CLANG_CXX_LANGUAGE_STANDARD = "gnu++14";
				CLANG_CXX_LIBRARY = "libc++";
				CLANG_ENABLE_MODULES = YES;
				CLANG_ENABLE_OBJC_ARC = YES;
				CLANG_WARN_BLOCK_CAPTURE_AUTORELEASING = YES;
				CLANG_WARN_BOOL_CONVERSION = YES;
				CLANG_WARN_COMMA = YES;
				CLANG_WARN_CONSTANT_CONVERSION = YES;
				CLANG_WARN_DIRECT_OBJC_ISA_USAGE = YES_ERROR;
				CLANG_WARN_DOCUMENTATION_COMMENTS = YES;
				CLANG_WARN_EMPTY_BODY = YES;
				CLANG_WARN_ENUM_CONVERSION = YES;
				CLANG_WARN_INFINITE_RECURSION = YES;
				CLANG_WARN_INT_CONVERSION = YES;
				CLANG_WARN_NON_LITERAL_NULL_CONVERSION = YES;
				CLANG_WARN_OBJC_LITERAL_CONVERSION = YES;
				CLANG_WARN_OBJC_ROOT_CLASS = YES_ERROR;
				CLANG_WARN_RANGE_LOOP_ANALYSIS = YES;
				CLANG_WARN_STRICT_PROTOTYPES = YES;
				CLANG_WARN_SUSPICIOUS_MOVE = YES;
				CLANG_WARN_UNGUARDED_AVAILABILITY = YES_AGGRESSIVE;
				CLANG_WARN_UNREACHABLE_CODE = YES;
				CLANG_WARN__DUPLICATE_METHOD_MATCH = YES;
				CODE_SIGN_IDENTITY = "iPhone Developer";
				COPY_PHASE_STRIP = NO;
				DEBUG_INFORMATION_FORMAT = dwarf;
				ENABLE_STRICT_OBJC_MSGSEND = YES;
				ENABLE_TESTABILITY = YES;
				GCC_C_LANGUAGE_STANDARD = gnu11;
				GCC_DYNAMIC_NO_PIC = NO;
				GCC_NO_COMMON_BLOCKS = YES;
				GCC_OPTIMIZATION_LEVEL = 0;
				GCC_PREPROCESSOR_DEFINITIONS = (
					"DEBUG=1",
					"$(inherited)",
				);
				GCC_WARN_64_TO_32_BIT_CONVERSION = YES;
				GCC_WARN_ABOUT_RETURN_TYPE = YES_ERROR;
				GCC_WARN_UNDECLARED_SELECTOR = YES;
				GCC_WARN_UNINITIALIZED_AUTOS = YES_AGGRESSIVE;
				GCC_WARN_UNUSED_FUNCTION = YES;
				GCC_WARN_UNUSED_VARIABLE = YES;
				IPHONEOS_DEPLOYMENT_TARGET = 11.0;
				MTL_ENABLE_DEBUG_INFO = YES;
				ONLY_ACTIVE_ARCH = YES;
				SDKROOT = iphoneos;
				SWIFT_ACTIVE_COMPILATION_CONDITIONS = DEBUG;
				SWIFT_OPTIMIZATION_LEVEL = "-Onone";
			};
			name = Debug;
		};
		DB0E5B6B1F90C28A004F282E /* Release */ = {
			isa = XCBuildConfiguration;
			buildSettings = {
				ALWAYS_SEARCH_USER_PATHS = NO;
				CLANG_ANALYZER_NONNULL = YES;
				CLANG_ANALYZER_NUMBER_OBJECT_CONVERSION = YES_AGGRESSIVE;
				CLANG_CXX_LANGUAGE_STANDARD = "gnu++14";
				CLANG_CXX_LIBRARY = "libc++";
				CLANG_ENABLE_MODULES = YES;
				CLANG_ENABLE_OBJC_ARC = YES;
				CLANG_WARN_BLOCK_CAPTURE_AUTORELEASING = YES;
				CLANG_WARN_BOOL_CONVERSION = YES;
				CLANG_WARN_COMMA = YES;
				CLANG_WARN_CONSTANT_CONVERSION = YES;
				CLANG_WARN_DIRECT_OBJC_ISA_USAGE = YES_ERROR;
				CLANG_WARN_DOCUMENTATION_COMMENTS = YES;
				CLANG_WARN_EMPTY_BODY = YES;
				CLANG_WARN_ENUM_CONVERSION = YES;
				CLANG_WARN_INFINITE_RECURSION = YES;
				CLANG_WARN_INT_CONVERSION = YES;
				CLANG_WARN_NON_LITERAL_NULL_CONVERSION = YES;
				CLANG_WARN_OBJC_LITERAL_CONVERSION = YES;
				CLANG_WARN_OBJC_ROOT_CLASS = YES_ERROR;
				CLANG_WARN_RANGE_LOOP_ANALYSIS = YES;
				CLANG_WARN_STRICT_PROTOTYPES = YES;
				CLANG_WARN_SUSPICIOUS_MOVE = YES;
				CLANG_WARN_UNGUARDED_AVAILABILITY = YES_AGGRESSIVE;
				CLANG_WARN_UNREACHABLE_CODE = YES;
				CLANG_WARN__DUPLICATE_METHOD_MATCH = YES;
				CODE_SIGN_IDENTITY = "iPhone Developer";
				COPY_PHASE_STRIP = NO;
				DEBUG_INFORMATION_FORMAT = "dwarf-with-dsym";
				ENABLE_NS_ASSERTIONS = NO;
				ENABLE_STRICT_OBJC_MSGSEND = YES;
				GCC_C_LANGUAGE_STANDARD = gnu11;
				GCC_NO_COMMON_BLOCKS = YES;
				GCC_WARN_64_TO_32_BIT_CONVERSION = YES;
				GCC_WARN_ABOUT_RETURN_TYPE = YES_ERROR;
				GCC_WARN_UNDECLARED_SELECTOR = YES;
				GCC_WARN_UNINITIALIZED_AUTOS = YES_AGGRESSIVE;
				GCC_WARN_UNUSED_FUNCTION = YES;
				GCC_WARN_UNUSED_VARIABLE = YES;
				IPHONEOS_DEPLOYMENT_TARGET = 11.0;
				MTL_ENABLE_DEBUG_INFO = NO;
				SDKROOT = iphoneos;
				SWIFT_OPTIMIZATION_LEVEL = "-Owholemodule";
				VALIDATE_PRODUCT = YES;
			};
			name = Release;
		};
		DB0E5B6D1F90C28A004F282E /* Debug */ = {
			isa = XCBuildConfiguration;
			buildSettings = {
				ASSETCATALOG_COMPILER_APPICON_NAME = AppIcon;
				CODE_SIGN_STYLE = Automatic;
				DEVELOPMENT_TEAM = CK5MHBYB2A;
				INFOPLIST_FILE = DragDownToCloseModelVC/Info.plist;
				IPHONEOS_DEPLOYMENT_TARGET = 8.0;
				LD_RUNPATH_SEARCH_PATHS = "$(inherited) @executable_path/Frameworks";
				PRODUCT_BUNDLE_IDENTIFIER = com.104.DragDownToCloseModelVC;
				PRODUCT_NAME = "$(TARGET_NAME)";
				SWIFT_VERSION = 3.0;
				TARGETED_DEVICE_FAMILY = "1,2";
			};
			name = Debug;
		};
		DB0E5B6E1F90C28A004F282E /* Release */ = {
			isa = XCBuildConfiguration;
			buildSettings = {
				ASSETCATALOG_COMPILER_APPICON_NAME = AppIcon;
				CODE_SIGN_STYLE = Automatic;
				DEVELOPMENT_TEAM = CK5MHBYB2A;
				INFOPLIST_FILE = DragDownToCloseModelVC/Info.plist;
				IPHONEOS_DEPLOYMENT_TARGET = 8.0;
				LD_RUNPATH_SEARCH_PATHS = "$(inherited) @executable_path/Frameworks";
				PRODUCT_BUNDLE_IDENTIFIER = com.104.DragDownToCloseModelVC;
				PRODUCT_NAME = "$(TARGET_NAME)";
				SWIFT_VERSION = 3.0;
				TARGETED_DEVICE_FAMILY = "1,2";
			};
			name = Release;
		};
/* End XCBuildConfiguration section */

/* Begin XCConfigurationList section */
		DB0E5B551F90C28A004F282E /* Build configuration list for PBXProject "DragDownToCloseModelVC" */ = {
			isa = XCConfigurationList;
			buildConfigurations = (
				DB0E5B6A1F90C28A004F282E /* Debug */,
				DB0E5B6B1F90C28A004F282E /* Release */,
			);
			defaultConfigurationIsVisible = 0;
			defaultConfigurationName = Release;
		};
		DB0E5B6C1F90C28A004F282E /* Build configuration list for PBXNativeTarget "DragDownToCloseModelVC" */ = {
			isa = XCConfigurationList;
			buildConfigurations = (
				DB0E5B6D1F90C28A004F282E /* Debug */,
				DB0E5B6E1F90C28A004F282E /* Release */,
			);
			defaultConfigurationIsVisible = 0;
			defaultConfigurationName = Release;
		};
/* End XCConfigurationList section */
	};
	rootObject = DB0E5B521F90C28A004F282E /* Project object */;
}
